
Microsoft Visual Studio Solution File, Format Version 10.00
# Visual Studio 2008
Project("{8BC9CEB8-8B4A-11D0-8D11-00A0C91BC942}") = "leptonlib-1.66", "leptonlib.vcproj", "{1D7AB886-BECA-4A97-89CE-7381D3F5DE00}"
EndProject
Project("{2150E333-8FDC-42A3-9474-1A3956D46DE8}") = "prog_files", "prog_files", "{B6E87CF6-5D83-4C00-81F7-BA8FAD4893D0}"
EndProject
Project("{2150E333-8FDC-42A3-9474-1A3956D46DE8}") = "prog_projects", "prog_projects", "{575C3BF3-2E1C-44EA-A1AD-26A62BF092C7}"
EndProject
Project("{8BC9CEB8-8B4A-11D0-8D11-00A0C91BC942}") = "ioformats_reg", "prog_projects\ioformats_reg\ioformats_reg.vcproj", "{342CC9F7-F554-46C2-AA65-B1D1E1D0B1F5}"
EndProject
Project("{2150E333-8FDC-42A3-9474-1A3956D46DE8}") = "Regression Test", "Regression Test", "{A22AC28E-745D-4F60-9646-163E931D0552}"
	ProjectSection(SolutionItems) = preProject
		..\prog\adaptnorm_reg.c = ..\prog\adaptnorm_reg.c
		..\prog\affine_reg.c = ..\prog\affine_reg.c
		..\prog\alltests_reg.c = ..\prog\alltests_reg.c
		..\prog\alphaclean_reg.c = ..\prog\alphaclean_reg.c
		..\prog\alphaxform_reg.c = ..\prog\alphaxform_reg.c
		..\prog\bilinear_reg.c = ..\prog\bilinear_reg.c
		..\prog\binarize_reg.c = ..\prog\binarize_reg.c
		..\prog\binmorph1_reg.c = ..\prog\binmorph1_reg.c
		..\prog\binmorph2_reg.c = ..\prog\binmorph2_reg.c
		..\prog\binmorph3_reg.c = ..\prog\binmorph3_reg.c
		..\prog\binmorph4_reg.c = ..\prog\binmorph4_reg.c
		..\prog\binmorph5_reg.c = ..\prog\binmorph5_reg.c
		..\prog\blend2_reg.c = ..\prog\blend2_reg.c
		..\prog\blend_reg.c = ..\prog\blend_reg.c
		..\prog\blendcmaptest.c = ..\prog\blendcmaptest.c
		..\prog\ccthin1_reg.c = ..\prog\ccthin1_reg.c
		..\prog\ccthin2_reg.c = ..\prog\ccthin2_reg.c
		..\prog\cmapquant_reg.c = ..\prog\cmapquant_reg.c
		..\prog\colorquant_reg.c = ..\prog\colorquant_reg.c
		..\prog\colorseg_reg.c = ..\prog\colorseg_reg.c
		..\prog\compfilter_reg.c = ..\prog\compfilter_reg.c
		..\prog\conncomp_reg.c = ..\prog\conncomp_reg.c
		..\prog\conversion_reg.c = ..\prog\conversion_reg.c
		..\prog\convolve_reg.c = ..\prog\convolve_reg.c
		..\prog\dewarp_reg.c = ..\prog\dewarp_reg.c
		..\prog\distance_reg.c = ..\prog\distance_reg.c
		..\prog\dwamorph1_reg.c = ..\prog\dwamorph1_reg.c
		..\prog\dwamorph2_reg.c = ..\prog\dwamorph2_reg.c
		..\prog\enhance_reg.c = ..\prog\enhance_reg.c
		..\prog\equal_reg.c = ..\prog\equal_reg.c
		..\prog\expand_reg.c = ..\prog\expand_reg.c
		..\prog\extrema_reg.c = ..\prog\extrema_reg.c
		..\prog\fhmtauto_reg.c = ..\prog\fhmtauto_reg.c
		..\prog\findpattern_reg.c = ..\prog\findpattern_reg.c
		..\prog\flipdetect_reg.c = ..\prog\flipdetect_reg.c
		..\prog\fmorphauto_reg.c = ..\prog\fmorphauto_reg.c
		..\prog\fpix_reg.c = ..\prog\fpix_reg.c
		..\prog\gifio_reg.c = ..\prog\gifio_reg.c
		..\prog\grayfill_reg.c = ..\prog\grayfill_reg.c
		..\prog\graymorph_reg.c = ..\prog\graymorph_reg.c
		..\prog\grayquant_reg.c = ..\prog\grayquant_reg.c
		..\prog\hardlight_reg.c = ..\prog\hardlight_reg.c
		..\prog\heap_reg.c = ..\prog\heap_reg.c
		..\prog\ioformats_reg.c = ..\prog\ioformats_reg.c
		..\prog\kernel_reg.c = ..\prog\kernel_reg.c
		..\prog\locminmax_reg.c = ..\prog\locminmax_reg.c
		..\prog\logicops_reg.c = ..\prog\logicops_reg.c
		..\prog\lowaccess_reg.c = ..\prog\lowaccess_reg.c
		..\prog\maze_reg.c = ..\prog\maze_reg.c
		..\prog\morphseq_reg.c = ..\prog\morphseq_reg.c
		..\prog\numa_reg.c = ..\prog\numa_reg.c
		..\prog\overlap_reg.c = ..\prog\overlap_reg.c
		..\prog\paint_reg.c = ..\prog\paint_reg.c
		..\prog\paintmask_reg.c = ..\prog\paintmask_reg.c
		..\prog\pixa1_reg.c = ..\prog\pixa1_reg.c
		..\prog\pixa2_reg.c = ..\prog\pixa2_reg.c
		..\prog\pixaatest.c = ..\prog\pixaatest.c
		..\prog\pixadisp_reg.c = ..\prog\pixadisp_reg.c
		..\prog\pixalloc_reg.c = ..\prog\pixalloc_reg.c
		..\prog\pixcomp_reg.c = ..\prog\pixcomp_reg.c
		..\prog\pixmem_reg.c = ..\prog\pixmem_reg.c
		..\prog\pixserial_reg.c = ..\prog\pixserial_reg.c
		..\prog\pixtile_reg.c = ..\prog\pixtile_reg.c
		..\prog\plottest.c = ..\prog\plottest.c
		..\prog\projective_reg.c = ..\prog\projective_reg.c
		..\prog\psio_reg.c = ..\prog\psio_reg.c
		..\prog\psioseg_reg.c = ..\prog\psioseg_reg.c
		..\prog\pta_reg.c = ..\prog\pta_reg.c
		..\prog\ptra1_reg.c = ..\prog\ptra1_reg.c
		..\prog\ptra2_reg.c = ..\prog\ptra2_reg.c
		..\prog\rank_reg.c = ..\prog\rank_reg.c
		..\prog\rankbin_reg.c = ..\prog\rankbin_reg.c
		..\prog\rankhisto_reg.c = ..\prog\rankhisto_reg.c
		..\prog\rasterop_reg.c = ..\prog\rasterop_reg.c
		..\prog\rasteropip_reg.c = ..\prog\rasteropip_reg.c
		..\prog\rotate1_reg.c = ..\prog\rotate1_reg.c
		..\prog\rotate2_reg.c = ..\prog\rotate2_reg.c
		..\prog\rotate_reg.c = ..\prog\rotate_reg.c
		..\prog\rotateorth_reg.c = ..\prog\rotateorth_reg.c
		..\prog\scale_reg.c = ..\prog\scale_reg.c
		..\prog\seedspread_reg.c = ..\prog\seedspread_reg.c
		..\prog\selio_reg.c = ..\prog\selio_reg.c
		..\prog\shear2_reg.c = ..\prog\shear2_reg.c
		..\prog\shear_reg.c = ..\prog\shear_reg.c
		..\prog\skew_reg.c = ..\prog\skew_reg.c
		..\prog\smallpix_reg.c = ..\prog\smallpix_reg.c
		..\prog\smoothedge_reg.c = ..\prog\smoothedge_reg.c
		..\prog\splitcomp_reg.c = ..\prog\splitcomp_reg.c
		..\prog\string_reg.c = ..\prog\string_reg.c
		..\prog\subpixel_reg.c = ..\prog\subpixel_reg.c
		..\prog\threshnorm_reg.c = ..\prog\threshnorm_reg.c
		..\prog\warper_reg.c = ..\prog\warper_reg.c
		..\prog\writetext_reg.c = ..\prog\writetext_reg.c
		..\prog\xformbox_reg.c = ..\prog\xformbox_reg.c
	EndProjectSection
EndProject
Project("{2150E333-8FDC-42A3-9474-1A3956D46DE8}") = "Test", "Test", "{DD38E44E-A5B1-4838-BF15-3BBC0AE5FADD}"
	ProjectSection(SolutionItems) = preProject
		..\prog\ccbordtest.c = ..\prog\ccbordtest.c
		..\prog\colormorphtest.c = ..\prog\colormorphtest.c
		..\prog\inserttest.c = ..\prog\inserttest.c
		..\prog\iotest.c = ..\prog\iotest.c
		..\prog\ranktest.c = ..\prog\ranktest.c
		..\prog\trctest.c = ..\prog\trctest.c
	EndProjectSection
EndProject
Project("{2150E333-8FDC-42A3-9474-1A3956D46DE8}") = "Utility", "Utility", "{89A55838-7767-42C4-B6F7-975ADD5F82EB}"
	ProjectSection(SolutionItems) = preProject
		..\prog\comparetest.c = ..\prog\comparetest.c
		..\prog\contrasttest.c = ..\prog\contrasttest.c
		..\prog\convertfilestops.c = ..\prog\convertfilestops.c
		..\prog\convertformat.c = ..\prog\convertformat.c
		..\prog\convertsegfilestops.c = ..\prog\convertsegfilestops.c
		..\prog\converttops.c = ..\prog\converttops.c
		..\prog\croptext.c = ..\prog\croptext.c
		..\prog\fileinfo.c = ..\prog\fileinfo.c
		..\prog\histotest.c = ..\prog\histotest.c
		..\prog\maketile.c = ..\prog\maketile.c
		..\prog\numaranktest.c = ..\prog\numaranktest.c
		..\prog\printimage.c = ..\prog\printimage.c
		..\prog\printsplitimage.c = ..\prog\printsplitimage.c
		..\prog\printtiff.c = ..\prog\printtiff.c
		..\prog\reducetest.c = ..\prog\reducetest.c
		..\prog\removecmap.c = ..\prog\removecmap.c
		..\prog\scaleandtile.c = ..\prog\scaleandtile.c
		..\prog\sharptest.c = ..\prog\sharptest.c
		..\prog\showedges.c = ..\prog\showedges.c
		..\prog\splitimage2pdf.c = ..\prog\splitimage2pdf.c
		..\prog\viewertest.c = ..\prog\viewertest.c
		..\prog\xvdisp.c = ..\prog\xvdisp.c
	EndProjectSection
EndProject
Project("{2150E333-8FDC-42A3-9474-1A3956D46DE8}") = "leptonlib Helper", "leptonlib Helper", "{66CC49FF-5A4B-4354-8579-4FA563DFE44D}"
	ProjectSection(SolutionItems) = preProject
		..\prog\digitprep1.c = ..\prog\digitprep1.c
		..\prog\dwalinear.3.c = ..\prog\dwalinear.3.c
		..\prog\dwalineargen.c = ..\prog\dwalineargen.c
		..\prog\dwalinearlow.3.c = ..\prog\dwalinearlow.3.c
		..\prog\endiantest.c = ..\prog\endiantest.c
		..\prog\fcombautogen.c = ..\prog\fcombautogen.c
		..\prog\fhmtautogen.c = ..\prog\fhmtautogen.c
		..\prog\flipselgen.c = ..\prog\flipselgen.c
		..\prog\fmorphautogen.c = ..\prog\fmorphautogen.c
		..\prog\genfonts.c = ..\prog\genfonts.c
		..\prog\xtractprotos.c = ..\prog\xtractprotos.c
	EndProjectSection
EndProject
Project("{2150E333-8FDC-42A3-9474-1A3956D46DE8}") = "Example", "Example", "{894B558E-1E82-4E0D-B53F-6A0B736E090A}"
	ProjectSection(SolutionItems) = preProject
		..\prog\adaptmaptest.c = ..\prog\adaptmaptest.c
		..\prog\arithtest.c = ..\prog\arithtest.c
		..\prog\barcodetest.c = ..\prog\barcodetest.c
		..\prog\baselinetest.c = ..\prog\baselinetest.c
		..\prog\buffertest.c = ..\prog\buffertest.c
		..\prog\cctest1.c = ..\prog\cctest1.c
		..\prog\colorsegtest.c = ..\prog\colorsegtest.c
		..\prog\colorspacetest.c = ..\prog\colorspacetest.c
		..\prog\comparepages.c = ..\prog\comparepages.c
		..\prog\converttogray.c = ..\prog\converttogray.c
		..\prog\cornertest.c = ..\prog\cornertest.c
		..\prog\dewarptest.c = ..\prog\dewarptest.c
		..\prog\dithertest.c = ..\prog\dithertest.c
		..\prog\edgetest.c = ..\prog\edgetest.c
		..\prog\falsecolortest.c = ..\prog\falsecolortest.c
		..\prog\findpattern1.c = ..\prog\findpattern1.c
		..\prog\findpattern2.c = ..\prog\findpattern2.c
		..\prog\findpattern3.c = ..\prog\findpattern3.c
		..\prog\graphicstest.c = ..\prog\graphicstest.c
		..\prog\jbcorrelation.c = ..\prog\jbcorrelation.c
		..\prog\jbrankhaus.c = ..\prog\jbrankhaus.c
		..\prog\jbwords.c = ..\prog\jbwords.c
		..\prog\lineremoval.c = ..\prog\lineremoval.c
		..\prog\livre_adapt.c = ..\prog\livre_adapt.c
		..\prog\livre_hmt.c = ..\prog\livre_hmt.c
		..\prog\livre_makefigs.c = ..\prog\livre_makefigs.c
		..\prog\livre_orient.c = ..\prog\livre_orient.c
		..\prog\livre_pageseg.c = ..\prog\livre_pageseg.c
		..\prog\livre_seedgen.c = ..\prog\livre_seedgen.c
		..\prog\livre_tophat.c = ..\prog\livre_tophat.c
		..\prog\misctest1.c = ..\prog\misctest1.c
		..\prog\modifyhuesat.c = ..\prog\modifyhuesat.c
		..\prog\otsutest1.c = ..\prog\otsutest1.c
		..\prog\otsutest2.c = ..\prog\otsutest2.c
		..\prog\pagesegtest1.c = ..\prog\pagesegtest1.c
		..\prog\pagesegtest2.c = ..\prog\pagesegtest2.c
		..\prog\partitiontest.c = ..\prog\partitiontest.c
		..\prog\rotatefastalt.c = ..\prog\rotatefastalt.c
		..\prog\rotatetest2.c = ..\prog\rotatetest2.c
		..\prog\runlengthtest.c = ..\prog\runlengthtest.c
		..\prog\snapcolortest.c = ..\prog\snapcolortest.c
		..\prog\sorttest.c = ..\prog\sorttest.c
		..\prog\watershedtest.c = ..\prog\watershedtest.c
		..\prog\wordsinorder.c = ..\prog\wordsinorder.c
	EndProjectSection
EndProject
Project("{2150E333-8FDC-42A3-9474-1A3956D46DE8}") = "ByType", "ByType", "{9CBBECA2-E092-4405-B558-30BC2587D9E7}"
EndProject
Project("{2150E333-8FDC-42A3-9474-1A3956D46DE8}") = "ByFilename", "ByFilename", "{3CB513F1-D94C-4B9A-8CF4-AAE30967E3EB}"
	ProjectSection(SolutionItems) = preProject
		..\prog\adaptmaptest.c = ..\prog\adaptmaptest.c
		..\prog\adaptnorm_reg.c = ..\prog\adaptnorm_reg.c
		..\prog\affine_reg.c = ..\prog\affine_reg.c
		..\prog\alltests_reg.c = ..\prog\alltests_reg.c
		..\prog\alphaclean_reg.c = ..\prog\alphaclean_reg.c
		..\prog\alphaxform_reg.c = ..\prog\alphaxform_reg.c
		..\prog\arithtest.c = ..\prog\arithtest.c
		..\prog\barcodetest.c = ..\prog\barcodetest.c
		..\prog\baselinetest.c = ..\prog\baselinetest.c
		..\prog\bilinear_reg.c = ..\prog\bilinear_reg.c
		..\prog\binarize_reg.c = ..\prog\binarize_reg.c
		..\prog\bincompare.c = ..\prog\bincompare.c
		..\prog\binmorph1_reg.c = ..\prog\binmorph1_reg.c
		..\prog\binmorph2_reg.c = ..\prog\binmorph2_reg.c
		..\prog\binmorph3_reg.c = ..\prog\binmorph3_reg.c
		..\prog\binmorph4_reg.c = ..\prog\binmorph4_reg.c
		..\prog\binmorph5_reg.c = ..\prog\binmorph5_reg.c
		..\prog\blend2_reg.c = ..\prog\blend2_reg.c
		..\prog\blend_reg.c = ..\prog\blend_reg.c
		..\prog\blendcmaptest.c = ..\prog\blendcmaptest.c
		..\prog\blendtest1.c = ..\prog\blendtest1.c
		..\prog\buffertest.c = ..\prog\buffertest.c
		..\prog\ccbordtest.c = ..\prog\ccbordtest.c
		..\prog\cctest1.c = ..\prog\cctest1.c
		..\prog\ccthin1_reg.c = ..\prog\ccthin1_reg.c
		..\prog\ccthin2_reg.c = ..\prog\ccthin2_reg.c
		..\prog\cmapquant_reg.c = ..\prog\cmapquant_reg.c
		..\prog\colormorphtest.c = ..\prog\colormorphtest.c
		..\prog\colorquant_reg.c = ..\prog\colorquant_reg.c
		..\prog\colorseg_reg.c = ..\prog\colorseg_reg.c
		..\prog\colorsegtest.c = ..\prog\colorsegtest.c
		..\prog\colorspacetest.c = ..\prog\colorspacetest.c
		..\prog\comparepages.c = ..\prog\comparepages.c
		..\prog\comparetest.c = ..\prog\comparetest.c
		..\prog\compfilter_reg.c = ..\prog\compfilter_reg.c
		..\prog\conncomp_reg.c = ..\prog\conncomp_reg.c
		..\prog\contrasttest.c = ..\prog\contrasttest.c
		..\prog\conversion_reg.c = ..\prog\conversion_reg.c
		..\prog\convertfilestops.c = ..\prog\convertfilestops.c
		..\prog\convertformat.c = ..\prog\convertformat.c
		..\prog\convertsegfilestops.c = ..\prog\convertsegfilestops.c
		..\prog\converttogray.c = ..\prog\converttogray.c
		..\prog\converttops.c = ..\prog\converttops.c
		..\prog\convolve_reg.c = ..\prog\convolve_reg.c
		..\prog\convolvetest.c = ..\prog\convolvetest.c
		..\prog\cornertest.c = ..\prog\cornertest.c
		..\prog\croptext.c = ..\prog\croptext.c
		..\prog\dewarp_reg.c = ..\prog\dewarp_reg.c
		..\prog\dewarptest.c = ..\prog\dewarptest.c
		..\prog\digitprep1.c = ..\prog\digitprep1.c
		..\prog\distance_reg.c = ..\prog\distance_reg.c
		..\prog\dithertest.c = ..\prog\dithertest.c
		..\prog\dwalinear.3.c = ..\prog\dwalinear.3.c
		..\prog\dwalineargen.c = ..\prog\dwalineargen.c
		..\prog\dwalinearlow.3.c = ..\prog\dwalinearlow.3.c
		..\prog\dwamorph1_reg.c = ..\prog\dwamorph1_reg.c
		..\prog\dwamorph2_reg.c = ..\prog\dwamorph2_reg.c
		..\prog\edgetest.c = ..\prog\edgetest.c
		..\prog\endiantest.c = ..\prog\endiantest.c
		..\prog\enhance_reg.c = ..\prog\enhance_reg.c
		..\prog\equal_reg.c = ..\prog\equal_reg.c
		..\prog\expand_reg.c = ..\prog\expand_reg.c
		..\prog\extrema_reg.c = ..\prog\extrema_reg.c
		..\prog\falsecolortest.c = ..\prog\falsecolortest.c
		..\prog\fcombautogen.c = ..\prog\fcombautogen.c
		..\prog\fhmtauto_reg.c = ..\prog\fhmtauto_reg.c
		..\prog\fhmtautogen.c = ..\prog\fhmtautogen.c
		..\prog\fileinfo.c = ..\prog\fileinfo.c
		..\prog\findpattern1.c = ..\prog\findpattern1.c
		..\prog\findpattern2.c = ..\prog\findpattern2.c
		..\prog\findpattern3.c = ..\prog\findpattern3.c
		..\prog\findpattern_reg.c = ..\prog\findpattern_reg.c
		..\prog\flipdetect_reg.c = ..\prog\flipdetect_reg.c
		..\prog\flipselgen.c = ..\prog\flipselgen.c
		..\prog\fmorphauto_reg.c = ..\prog\fmorphauto_reg.c
		..\prog\fmorphautogen.c = ..\prog\fmorphautogen.c
		..\prog\fpix_reg.c = ..\prog\fpix_reg.c
		..\prog\gammatest.c = ..\prog\gammatest.c
		..\prog\genfonts.c = ..\prog\genfonts.c
		..\prog\gifio_reg.c = ..\prog\gifio_reg.c
		..\prog\graphicstest.c = ..\prog\graphicstest.c
		..\prog\grayfill_reg.c = ..\prog\grayfill_reg.c
		..\prog\graymorph_reg.c = ..\prog\graymorph_reg.c
		..\prog\graymorphtest.c = ..\prog\graymorphtest.c
		..\prog\grayquant_reg.c = ..\prog\grayquant_reg.c
		..\prog\hardlight_reg.c = ..\prog\hardlight_reg.c
		..\prog\heap_reg.c = ..\prog\heap_reg.c
		..\prog\histotest.c = ..\prog\histotest.c
		..\prog\inserttest.c = ..\prog\inserttest.c
		..\prog\ioformats_reg.c = ..\prog\ioformats_reg.c
		..\prog\iotest.c = ..\prog\iotest.c
		..\prog\jbcorrelation.c = ..\prog\jbcorrelation.c
		..\prog\jbrankhaus.c = ..\prog\jbrankhaus.c
		..\prog\jbwords.c = ..\prog\jbwords.c
		..\prog\kernel_reg.c = ..\prog\kernel_reg.c
		..\prog\lineremoval.c = ..\prog\lineremoval.c
		..\prog\listtest.c = ..\prog\listtest.c
		..\prog\livre_adapt.c = ..\prog\livre_adapt.c
		..\prog\livre_hmt.c = ..\prog\livre_hmt.c
		..\prog\livre_makefigs.c = ..\prog\livre_makefigs.c
		..\prog\livre_orient.c = ..\prog\livre_orient.c
		..\prog\livre_pageseg.c = ..\prog\livre_pageseg.c
		..\prog\livre_seedgen.c = ..\prog\livre_seedgen.c
		..\prog\livre_tophat.c = ..\prog\livre_tophat.c
		..\prog\locminmax_reg.c = ..\prog\locminmax_reg.c
		..\prog\logicops_reg.c = ..\prog\logicops_reg.c
		..\prog\lowaccess_reg.c = ..\prog\lowaccess_reg.c
		..\prog\maketile.c = ..\prog\maketile.c
		..\prog\maze_reg.c = ..\prog\maze_reg.c
		..\prog\misctest1.c = ..\prog\misctest1.c
		..\prog\modifyhuesat.c = ..\prog\modifyhuesat.c
		..\prog\morphseq_reg.c = ..\prog\morphseq_reg.c
		..\prog\morphtest1.c = ..\prog\morphtest1.c
		..\prog\mtifftest.c = ..\prog\mtifftest.c
		..\prog\numa_reg.c = ..\prog\numa_reg.c
		..\prog\numaranktest.c = ..\prog\numaranktest.c
		..\prog\otsutest1.c = ..\prog\otsutest1.c
		..\prog\otsutest2.c = ..\prog\otsutest2.c
		..\prog\overlap_reg.c = ..\prog\overlap_reg.c
		..\prog\pagesegtest1.c = ..\prog\pagesegtest1.c
		..\prog\pagesegtest2.c = ..\prog\pagesegtest2.c
		..\prog\paint_reg.c = ..\prog\paint_reg.c
		..\prog\paintmask_reg.c = ..\prog\paintmask_reg.c
		..\prog\partitiontest.c = ..\prog\partitiontest.c
		..\prog\pixa1_reg.c = ..\prog\pixa1_reg.c
		..\prog\pixa2_reg.c = ..\prog\pixa2_reg.c
		..\prog\pixaatest.c = ..\prog\pixaatest.c
		..\prog\pixadisp_reg.c = ..\prog\pixadisp_reg.c
		..\prog\pixalloc_reg.c = ..\prog\pixalloc_reg.c
		..\prog\pixcomp_reg.c = ..\prog\pixcomp_reg.c
		..\prog\pixmem_reg.c = ..\prog\pixmem_reg.c
		..\prog\pixserial_reg.c = ..\prog\pixserial_reg.c
		..\prog\pixtile_reg.c = ..\prog\pixtile_reg.c
		..\prog\plottest.c = ..\prog\plottest.c
		..\prog\printimage.c = ..\prog\printimage.c
		..\prog\printsplitimage.c = ..\prog\printsplitimage.c
		..\prog\printtiff.c = ..\prog\printtiff.c
		..\prog\projective_reg.c = ..\prog\projective_reg.c
		..\prog\psio_reg.c = ..\prog\psio_reg.c
		..\prog\psioseg_reg.c = ..\prog\psioseg_reg.c
		..\prog\pta_reg.c = ..\prog\pta_reg.c
		..\prog\ptra1_reg.c = ..\prog\ptra1_reg.c
		..\prog\ptra2_reg.c = ..\prog\ptra2_reg.c
		..\prog\rank_reg.c = ..\prog\rank_reg.c
		..\prog\rankbin_reg.c = ..\prog\rankbin_reg.c
		..\prog\rankhisto_reg.c = ..\prog\rankhisto_reg.c
		..\prog\ranktest.c = ..\prog\ranktest.c
		..\prog\rasterop_reg.c = ..\prog\rasterop_reg.c
		..\prog\rasteropip_reg.c = ..\prog\rasteropip_reg.c
		..\prog\reducetest.c = ..\prog\reducetest.c
		..\prog\removecmap.c = ..\prog\removecmap.c
		..\prog\renderfonts.c = ..\prog\renderfonts.c
		..\prog\rotate1_reg.c = ..\prog\rotate1_reg.c
		..\prog\rotate2_reg.c = ..\prog\rotate2_reg.c
		..\prog\rotate_reg.c = ..\prog\rotate_reg.c
		..\prog\rotatefastalt.c = ..\prog\rotatefastalt.c
		..\prog\rotateorth_reg.c = ..\prog\rotateorth_reg.c
		..\prog\rotateorthtest1.c = ..\prog\rotateorthtest1.c
		..\prog\rotatetest1.c = ..\prog\rotatetest1.c
		..\prog\rotatetest2.c = ..\prog\rotatetest2.c
		..\prog\runlengthtest.c = ..\prog\runlengthtest.c
		..\prog\scale_reg.c = ..\prog\scale_reg.c
		..\prog\scaleandtile.c = ..\prog\scaleandtile.c
		..\prog\scaletest1.c = ..\prog\scaletest1.c
		..\prog\scaletest2.c = ..\prog\scaletest2.c
		..\prog\seedfilltest.c = ..\prog\seedfilltest.c
		..\prog\seedspread_reg.c = ..\prog\seedspread_reg.c
		..\prog\selio_reg.c = ..\prog\selio_reg.c
		..\prog\sharptest.c = ..\prog\sharptest.c
		..\prog\shear2_reg.c = ..\prog\shear2_reg.c
		..\prog\shear_reg.c = ..\prog\shear_reg.c
		..\prog\sheartest.c = ..\prog\sheartest.c
		..\prog\showedges.c = ..\prog\showedges.c
		..\prog\skew_reg.c = ..\prog\skew_reg.c
		..\prog\skewtest.c = ..\prog\skewtest.c
		..\prog\smallpix_reg.c = ..\prog\smallpix_reg.c
		..\prog\smoothedge_reg.c = ..\prog\smoothedge_reg.c
		..\prog\snapcolortest.c = ..\prog\snapcolortest.c
		..\prog\sorttest.c = ..\prog\sorttest.c
		..\prog\splitcomp_reg.c = ..\prog\splitcomp_reg.c
		..\prog\splitimage2pdf.c = ..\prog\splitimage2pdf.c
		..\prog\string_reg.c = ..\prog\string_reg.c
		..\prog\subpixel_reg.c = ..\prog\subpixel_reg.c
		..\prog\textlinemask.c = ..\prog\textlinemask.c
		..\prog\threshnorm_reg.c = ..\prog\threshnorm_reg.c
		..\prog\trctest.c = ..\prog\trctest.c
		..\prog\viewertest.c = ..\prog\viewertest.c
		..\prog\warper_reg.c = ..\prog\warper_reg.c
		..\prog\warpertest.c = ..\prog\warpertest.c
		..\prog\watershedtest.c = ..\prog\watershedtest.c
		..\prog\wordsinorder.c = ..\prog\wordsinorder.c
		..\prog\writetext_reg.c = ..\prog\writetext_reg.c
		..\prog\xformbox_reg.c = ..\prog\xformbox_reg.c
		..\prog\xtractprotos.c = ..\prog\xtractprotos.c
		..\prog\xvdisp.c = ..\prog\xvdisp.c
	EndProjectSection
EndProject
Project("{2150E333-8FDC-42A3-9474-1A3956D46DE8}") = "ByCategory", "ByCategory", "{DC2E0E09-BCB1-419E-A555-1483746B0282}"
EndProject
Project("{2150E333-8FDC-42A3-9474-1A3956D46DE8}") = "Exploration", "Exploration", "{D089EA70-FC9B-4501-A0EC-B93B13A73A22}"
	ProjectSection(SolutionItems) = preProject
		..\prog\bincompare.c = ..\prog\bincompare.c
		..\prog\blendtest1.c = ..\prog\blendtest1.c
		..\prog\convolvetest.c = ..\prog\convolvetest.c
		..\prog\gammatest.c = ..\prog\gammatest.c
		..\prog\graymorphtest.c = ..\prog\graymorphtest.c
		..\prog\listtest.c = ..\prog\listtest.c
		..\prog\morphtest1.c = ..\prog\morphtest1.c
		..\prog\mtifftest.c = ..\prog\mtifftest.c
		..\prog\renderfonts.c = ..\prog\renderfonts.c
		..\prog\rotateorthtest1.c = ..\prog\rotateorthtest1.c
		..\prog\rotatetest1.c = ..\prog\rotatetest1.c
		..\prog\scaletest1.c = ..\prog\scaletest1.c
		..\prog\scaletest2.c = ..\prog\scaletest2.c
		..\prog\seedfilltest.c = ..\prog\seedfilltest.c
		..\prog\sheartest.c = ..\prog\sheartest.c
		..\prog\skewtest.c = ..\prog\skewtest.c
		..\prog\textlinemask.c = ..\prog\textlinemask.c
		..\prog\warpertest.c = ..\prog\warpertest.c
	EndProjectSection
EndProject
Project("{2150E333-8FDC-42A3-9474-1A3956D46DE8}") = "Basic Box, Boxa and Boxaa Functions", "Basic Box, Boxa and Boxaa Functions", "{96892120-0438-41DB-AEDD-FEED5791AE83}"
	ProjectSection(SolutionItems) = preProject
		..\prog\overlap_reg.c = ..\prog\overlap_reg.c
		..\prog\xformbox_reg.c = ..\prog\xformbox_reg.c
	EndProjectSection
EndProject
Project("{2150E333-8FDC-42A3-9474-1A3956D46DE8}") = "Basic Image Operations", "Basic Image Operations", "{414B22A2-21A0-496D-B3C1-4EB89E765CCB}"
	ProjectSection(SolutionItems) = preProject
		..\prog\alphaxform_reg.c = ..\prog\alphaxform_reg.c
		..\prog\arithtest.c = ..\prog\arithtest.c
		..\prog\bincompare.c = ..\prog\bincompare.c
		..\prog\convolve_reg.c = ..\prog\convolve_reg.c
		..\prog\convolvetest.c = ..\prog\convolvetest.c
		..\prog\fpix_reg.c = ..\prog\fpix_reg.c
		..\prog\kernel_reg.c = ..\prog\kernel_reg.c
		..\prog\logicops_reg.c = ..\prog\logicops_reg.c
		..\prog\rank_reg.c = ..\prog\rank_reg.c
		..\prog\ranktest.c = ..\prog\ranktest.c
		..\prog\rasterop_reg.c = ..\prog\rasterop_reg.c
		..\prog\rasteropip_reg.c = ..\prog\rasteropip_reg.c
	EndProjectSection
EndProject
Project("{2150E333-8FDC-42A3-9474-1A3956D46DE8}") = "Basic Pix Array Functions", "Basic Pix Array Functions", "{76A3174B-FA8D-4897-9D57-F72BEEB19BB3}"
	ProjectSection(SolutionItems) = preProject
		..\prog\maketile.c = ..\prog\maketile.c
		..\prog\pixa2_reg.c = ..\prog\pixa2_reg.c
		..\prog\pixaatest.c = ..\prog\pixaatest.c
		..\prog\pixadisp_reg.c = ..\prog\pixadisp_reg.c
		..\prog\pixtile_reg.c = ..\prog\pixtile_reg.c
		..\prog\scaleandtile.c = ..\prog\scaleandtile.c
		..\prog\sorttest.c = ..\prog\sorttest.c
	EndProjectSection
EndProject
Project("{2150E333-8FDC-42A3-9474-1A3956D46DE8}") = "Basic Pix Functions", "Basic Pix Functions", "{DF974816-C2D4-4318-AB2A-BB44620534D8}"
	ProjectSection(SolutionItems) = preProject
		..\prog\comparetest.c = ..\prog\comparetest.c
		..\prog\equal_reg.c = ..\prog\equal_reg.c
		..\prog\fileinfo.c = ..\prog\fileinfo.c
		..\prog\lowaccess_reg.c = ..\prog\lowaccess_reg.c
		..\prog\paintmask_reg.c = ..\prog\paintmask_reg.c
		..\prog\pixalloc_reg.c = ..\prog\pixalloc_reg.c
		..\prog\pixmem_reg.c = ..\prog\pixmem_reg.c
		..\prog\pixserial_reg.c = ..\prog\pixserial_reg.c
		..\prog\rankbin_reg.c = ..\prog\rankbin_reg.c
		..\prog\rankhisto_reg.c = ..\prog\rankhisto_reg.c
	EndProjectSection
EndProject
Project("{2150E333-8FDC-42A3-9474-1A3956D46DE8}") = "Colormap Utilities and Related Operations", "Colormap Utilities and Related Operations", "{5B22DB8C-AF71-40A5-81CB-4853A3195FC7}"
	ProjectSection(SolutionItems) = preProject
		..\prog\alphaclean_reg.c = ..\prog\alphaclean_reg.c
		..\prog\blend2_reg.c = ..\prog\blend2_reg.c
		..\prog\blend_reg.c = ..\prog\blend_reg.c
		..\prog\blendcmaptest.c = ..\prog\blendcmaptest.c
		..\prog\blendtest1.c = ..\prog\blendtest1.c
		..\prog\hardlight_reg.c = ..\prog\hardlight_reg.c
		..\prog\removecmap.c = ..\prog\removecmap.c
		..\prog\snapcolortest.c = ..\prog\snapcolortest.c
	EndProjectSection
EndProject
Project("{2150E333-8FDC-42A3-9474-1A3956D46DE8}") = "Connected Components in Binary Images", "Connected Components in Binary Images", "{286B4B83-CA5C-4504-B06E-630BAF6ED3BA}"
	ProjectSection(SolutionItems) = preProject
		..\prog\ccbordtest.c = ..\prog\ccbordtest.c
		..\prog\cctest1.c = ..\prog\cctest1.c
		..\prog\ccthin1_reg.c = ..\prog\ccthin1_reg.c
		..\prog\ccthin2_reg.c = ..\prog\ccthin2_reg.c
		..\prog\compfilter_reg.c = ..\prog\compfilter_reg.c
		..\prog\conncomp_reg.c = ..\prog\conncomp_reg.c
		..\prog\pixa1_reg.c = ..\prog\pixa1_reg.c
		..\prog\splitcomp_reg.c = ..\prog\splitcomp_reg.c
	EndProjectSection
EndProject
Project("{2150E333-8FDC-42A3-9474-1A3956D46DE8}") = "Formatted IO", "Formatted IO", "{C27701F0-1BD0-498F-9B67-8585D78C9D4D}"
	ProjectSection(SolutionItems) = preProject
		..\prog\convertformat.c = ..\prog\convertformat.c
		..\prog\gifio_reg.c = ..\prog\gifio_reg.c
		..\prog\ioformats_reg.c = ..\prog\ioformats_reg.c
		..\prog\iotest.c = ..\prog\iotest.c
		..\prog\mtifftest.c = ..\prog\mtifftest.c
		..\prog\pixcomp_reg.c = ..\prog\pixcomp_reg.c
		..\prog\psio_reg.c = ..\prog\psio_reg.c
	EndProjectSection
EndProject
Project("{2150E333-8FDC-42A3-9474-1A3956D46DE8}") = "Fundamental Data Structures for Computation", "Fundamental Data Structures for Computation", "{A38257FF-3364-4538-B2F7-FC682FF58C14}"
	ProjectSection(SolutionItems) = preProject
		..\prog\buffertest.c = ..\prog\buffertest.c
		..\prog\extrema_reg.c = ..\prog\extrema_reg.c
		..\prog\heap_reg.c = ..\prog\heap_reg.c
		..\prog\inserttest.c = ..\prog\inserttest.c
		..\prog\listtest.c = ..\prog\listtest.c
		..\prog\numa_reg.c = ..\prog\numa_reg.c
		..\prog\numaranktest.c = ..\prog\numaranktest.c
		..\prog\pta_reg.c = ..\prog\pta_reg.c
		..\prog\ptra1_reg.c = ..\prog\ptra1_reg.c
		..\prog\ptra2_reg.c = ..\prog\ptra2_reg.c
		..\prog\string_reg.c = ..\prog\string_reg.c
	EndProjectSection
EndProject
Project("{2150E333-8FDC-42A3-9474-1A3956D46DE8}") = "Image Display", "Image Display", "{F71486F5-1FE4-42A6-8CF3-66C9CA7731F1}"
	ProjectSection(SolutionItems) = preProject
		..\prog\xvdisp.c = ..\prog\xvdisp.c
	EndProjectSection
EndProject
Project("{2150E333-8FDC-42A3-9474-1A3956D46DE8}") = "Image Morphology", "Image Morphology", "{AAE7334F-642E-477C-A869-E1B1D29DF698}"
	ProjectSection(SolutionItems) = preProject
		..\prog\binmorph1_reg.c = ..\prog\binmorph1_reg.c
		..\prog\binmorph2_reg.c = ..\prog\binmorph2_reg.c
		..\prog\binmorph3_reg.c = ..\prog\binmorph3_reg.c
		..\prog\binmorph4_reg.c = ..\prog\binmorph4_reg.c
		..\prog\binmorph5_reg.c = ..\prog\binmorph5_reg.c
		..\prog\colormorphtest.c = ..\prog\colormorphtest.c
		..\prog\dwalinear.3.c = ..\prog\dwalinear.3.c
		..\prog\dwalineargen.c = ..\prog\dwalineargen.c
		..\prog\dwalinearlow.3.c = ..\prog\dwalinearlow.3.c
		..\prog\dwamorph1_reg.c = ..\prog\dwamorph1_reg.c
		..\prog\dwamorph2_reg.c = ..\prog\dwamorph2_reg.c
		..\prog\fcombautogen.c = ..\prog\fcombautogen.c
		..\prog\fhmtauto_reg.c = ..\prog\fhmtauto_reg.c
		..\prog\fhmtautogen.c = ..\prog\fhmtautogen.c
		..\prog\findpattern1.c = ..\prog\findpattern1.c
		..\prog\findpattern2.c = ..\prog\findpattern2.c
		..\prog\findpattern3.c = ..\prog\findpattern3.c
		..\prog\findpattern_reg.c = ..\prog\findpattern_reg.c
		..\prog\flipselgen.c = ..\prog\flipselgen.c
		..\prog\fmorphauto_reg.c = ..\prog\fmorphauto_reg.c
		..\prog\fmorphautogen.c = ..\prog\fmorphautogen.c
		..\prog\graymorph_reg.c = ..\prog\graymorph_reg.c
		..\prog\graymorphtest.c = ..\prog\graymorphtest.c
		..\prog\livre_hmt.c = ..\prog\livre_hmt.c
		..\prog\livre_makefigs.c = ..\prog\livre_makefigs.c
		..\prog\livre_tophat.c = ..\prog\livre_tophat.c
		..\prog\morphseq_reg.c = ..\prog\morphseq_reg.c
		..\prog\morphtest1.c = ..\prog\morphtest1.c
		..\prog\selio_reg.c = ..\prog\selio_reg.c
	EndProjectSection
EndProject
Project("{2150E333-8FDC-42A3-9474-1A3956D46DE8}") = "Image Operations With Filling", "Image Operations With Filling", "{51138FE0-67D0-4854-AB85-316C4513CC36}"
	ProjectSection(SolutionItems) = preProject
		..\prog\distance_reg.c = ..\prog\distance_reg.c
		..\prog\grayfill_reg.c = ..\prog\grayfill_reg.c
		..\prog\locminmax_reg.c = ..\prog\locminmax_reg.c
		..\prog\seedfilltest.c = ..\prog\seedfilltest.c
		..\prog\seedspread_reg.c = ..\prog\seedspread_reg.c
		..\prog\watershedtest.c = ..\prog\watershedtest.c
	EndProjectSection
EndProject
Project("{2150E333-8FDC-42A3-9474-1A3956D46DE8}") = "Image Quantization, Depth Conversion", "Image Quantization, Depth Conversion", "{B27DCA7C-8905-4640-8527-A7FAD1A03203}"
	ProjectSection(SolutionItems) = preProject
		..\prog\adaptmaptest.c = ..\prog\adaptmaptest.c
		..\prog\adaptnorm_reg.c = ..\prog\adaptnorm_reg.c
		..\prog\binarize_reg.c = ..\prog\binarize_reg.c
		..\prog\cmapquant_reg.c = ..\prog\cmapquant_reg.c
		..\prog\colorquant_reg.c = ..\prog\colorquant_reg.c
		..\prog\colorseg_reg.c = ..\prog\colorseg_reg.c
		..\prog\colorsegtest.c = ..\prog\colorsegtest.c
		..\prog\colorspacetest.c = ..\prog\colorspacetest.c
		..\prog\conversion_reg.c = ..\prog\conversion_reg.c
		..\prog\converttogray.c = ..\prog\converttogray.c
		..\prog\dithertest.c = ..\prog\dithertest.c
		..\prog\falsecolortest.c = ..\prog\falsecolortest.c
		..\prog\grayquant_reg.c = ..\prog\grayquant_reg.c
		..\prog\histotest.c = ..\prog\histotest.c
		..\prog\livre_adapt.c = ..\prog\livre_adapt.c
		..\prog\misctest1.c = ..\prog\misctest1.c
		..\prog\otsutest1.c = ..\prog\otsutest1.c
		..\prog\otsutest2.c = ..\prog\otsutest2.c
		..\prog\subpixel_reg.c = ..\prog\subpixel_reg.c
		..\prog\threshnorm_reg.c = ..\prog\threshnorm_reg.c
	EndProjectSection
EndProject
Project("{2150E333-8FDC-42A3-9474-1A3956D46DE8}") = "Image Scaling", "Image Scaling", "{75919E86-EAEC-42DA-B495-B342B94BC41F}"
	ProjectSection(SolutionItems) = preProject
		..\prog\expand_reg.c = ..\prog\expand_reg.c
		..\prog\reducetest.c = ..\prog\reducetest.c
		..\prog\scale_reg.c = ..\prog\scale_reg.c
		..\prog\scaletest1.c = ..\prog\scaletest1.c
		..\prog\scaletest2.c = ..\prog\scaletest2.c
		..\prog\smallpix_reg.c = ..\prog\smallpix_reg.c
	EndProjectSection
EndProject
Project("{2150E333-8FDC-42A3-9474-1A3956D46DE8}") = "Line Graphics and Special Output", "Line Graphics and Special Output", "{366F0D90-6B9B-4396-9F6B-DEB465F1E9A4}"
	ProjectSection(SolutionItems) = preProject
		..\prog\graphicstest.c = ..\prog\graphicstest.c
		..\prog\paint_reg.c = ..\prog\paint_reg.c
		..\prog\plottest.c = ..\prog\plottest.c
		..\prog\viewertest.c = ..\prog\viewertest.c
	EndProjectSection
EndProject
Project("{2150E333-8FDC-42A3-9474-1A3956D46DE8}") = "Low-level Pixel Access", "Low-level Pixel Access", "{E277CECA-719B-4EB0-A92A-E25838F611BD}"
	ProjectSection(SolutionItems) = preProject
		..\prog\runlengthtest.c = ..\prog\runlengthtest.c
	EndProjectSection
EndProject
Project("{2150E333-8FDC-42A3-9474-1A3956D46DE8}") = "Misc", "Misc", "{1953A37C-0C6C-4F24-933D-BB650428D164}"
	ProjectSection(SolutionItems) = preProject
		..\prog\alltests_reg.c = ..\prog\alltests_reg.c
		..\prog\endiantest.c = ..\prog\endiantest.c
		..\prog\maze_reg.c = ..\prog\maze_reg.c
		..\prog\xtractprotos.c = ..\prog\xtractprotos.c
	EndProjectSection
EndProject
Project("{2150E333-8FDC-42A3-9474-1A3956D46DE8}") = "Other Geometric Image Transformations", "Other Geometric Image Transformations", "{248F1F81-DEFC-4DD0-856A-DBF785FF2FF3}"
	ProjectSection(SolutionItems) = preProject
		..\prog\affine_reg.c = ..\prog\affine_reg.c
		..\prog\bilinear_reg.c = ..\prog\bilinear_reg.c
		..\prog\projective_reg.c = ..\prog\projective_reg.c
		..\prog\rotate1_reg.c = ..\prog\rotate1_reg.c
		..\prog\rotate2_reg.c = ..\prog\rotate2_reg.c
		..\prog\rotate_reg.c = ..\prog\rotate_reg.c
		..\prog\rotatefastalt.c = ..\prog\rotatefastalt.c
		..\prog\rotateorth_reg.c = ..\prog\rotateorth_reg.c
		..\prog\rotateorthtest1.c = ..\prog\rotateorthtest1.c
		..\prog\rotatetest1.c = ..\prog\rotatetest1.c
		..\prog\rotatetest2.c = ..\prog\rotatetest2.c
		..\prog\shear2_reg.c = ..\prog\shear2_reg.c
		..\prog\shear_reg.c = ..\prog\shear_reg.c
		..\prog\sheartest.c = ..\prog\sheartest.c
	EndProjectSection
EndProject
Project("{2150E333-8FDC-42A3-9474-1A3956D46DE8}") = "Postscript", "Postscript", "{25168370-A695-4D79-8D79-DFDA4EF2E4F2}"
	ProjectSection(SolutionItems) = preProject
		..\prog\convertfilestops.c = ..\prog\convertfilestops.c
		..\prog\convertsegfilestops.c = ..\prog\convertsegfilestops.c
		..\prog\converttops.c = ..\prog\converttops.c
		..\prog\splitimage2pdf.c = ..\prog\splitimage2pdf.c
	EndProjectSection
EndProject
Project("{2150E333-8FDC-42A3-9474-1A3956D46DE8}") = "Printing", "Printing", "{05ACC778-403D-4758-8762-70BD454CAE7B}"
	ProjectSection(SolutionItems) = preProject
		..\prog\printimage.c = ..\prog\printimage.c
		..\prog\printsplitimage.c = ..\prog\printsplitimage.c
		..\prog\printtiff.c = ..\prog\printtiff.c
	EndProjectSection
EndProject
Project("{2150E333-8FDC-42A3-9474-1A3956D46DE8}") = "Specialized Document Image Processing", "Specialized Document Image Processing", "{39EC7080-65EC-43D5-BC93-CC2739BAB441}"
	ProjectSection(SolutionItems) = preProject
		..\prog\barcodetest.c = ..\prog\barcodetest.c
		..\prog\baselinetest.c = ..\prog\baselinetest.c
		..\prog\comparepages.c = ..\prog\comparepages.c
		..\prog\cornertest.c = ..\prog\cornertest.c
		..\prog\croptext.c = ..\prog\croptext.c
		..\prog\dewarp_reg.c = ..\prog\dewarp_reg.c
		..\prog\dewarptest.c = ..\prog\dewarptest.c
		..\prog\digitprep1.c = ..\prog\digitprep1.c
		..\prog\flipdetect_reg.c = ..\prog\flipdetect_reg.c
		..\prog\genfonts.c = ..\prog\genfonts.c
		..\prog\jbcorrelation.c = ..\prog\jbcorrelation.c
		..\prog\jbrankhaus.c = ..\prog\jbrankhaus.c
		..\prog\jbwords.c = ..\prog\jbwords.c
		..\prog\lineremoval.c = ..\prog\lineremoval.c
		..\prog\livre_orient.c = ..\prog\livre_orient.c
		..\prog\livre_pageseg.c = ..\prog\livre_pageseg.c
		..\prog\livre_seedgen.c = ..\prog\livre_seedgen.c
		..\prog\pagesegtest1.c = ..\prog\pagesegtest1.c
		..\prog\pagesegtest2.c = ..\prog\pagesegtest2.c
		..\prog\partitiontest.c = ..\prog\partitiontest.c
		..\prog\psioseg_reg.c = ..\prog\psioseg_reg.c
		..\prog\renderfonts.c = ..\prog\renderfonts.c
		..\prog\skew_reg.c = ..\prog\skew_reg.c
		..\prog\skewtest.c = ..\prog\skewtest.c
		..\prog\textlinemask.c = ..\prog\textlinemask.c
		..\prog\warper_reg.c = ..\prog\warper_reg.c
		..\prog\warpertest.c = ..\prog\warpertest.c
		..\prog\wordsinorder.c = ..\prog\wordsinorder.c
		..\prog\writetext_reg.c = ..\prog\writetext_reg.c
	EndProjectSection
EndProject
Project("{2150E333-8FDC-42A3-9474-1A3956D46DE8}") = "Specialized Image Filters", "Specialized Image Filters", "{01AF953B-80B7-4073-87D0-0E9B0B3E8ACB}"
	ProjectSection(SolutionItems) = preProject
		..\prog\contrasttest.c = ..\prog\contrasttest.c
		..\prog\edgetest.c = ..\prog\edgetest.c
		..\prog\enhance_reg.c = ..\prog\enhance_reg.c
		..\prog\gammatest.c = ..\prog\gammatest.c
		..\prog\modifyhuesat.c = ..\prog\modifyhuesat.c
		..\prog\sharptest.c = ..\prog\sharptest.c
		..\prog\showedges.c = ..\prog\showedges.c
		..\prog\smoothedge_reg.c = ..\prog\smoothedge_reg.c
		..\prog\trctest.c = ..\prog\trctest.c
	EndProjectSection
EndProject
Global
	GlobalSection(SolutionConfigurationPlatforms) = preSolution
		DLL Debug|Any CPU = DLL Debug|Any CPU
		DLL Debug|Mixed Platforms = DLL Debug|Mixed Platforms
		DLL Debug|Win32 = DLL Debug|Win32
		DLL Release|Any CPU = DLL Release|Any CPU
		DLL Release|Mixed Platforms = DLL Release|Mixed Platforms
		DLL Release|Win32 = DLL Release|Win32
		LIB Debug|Any CPU = LIB Debug|Any CPU
		LIB Debug|Mixed Platforms = LIB Debug|Mixed Platforms
		LIB Debug|Win32 = LIB Debug|Win32
		LIB Release|Any CPU = LIB Release|Any CPU
		LIB Release|Mixed Platforms = LIB Release|Mixed Platforms
		LIB Release|Win32 = LIB Release|Win32
	EndGlobalSection
	GlobalSection(ProjectConfigurationPlatforms) = postSolution
		{1D7AB886-BECA-4A97-89CE-7381D3F5DE00}.DLL Debug|Any CPU.ActiveCfg = DLL Debug|Win32
		{1D7AB886-BECA-4A97-89CE-7381D3F5DE00}.DLL Debug|Any CPU.Build.0 = DLL Debug|Win32
		{1D7AB886-BECA-4A97-89CE-7381D3F5DE00}.DLL Debug|Mixed Platforms.ActiveCfg = DLL Debug|Win32
		{1D7AB886-BECA-4A97-89CE-7381D3F5DE00}.DLL Debug|Mixed Platforms.Build.0 = DLL Debug|Win32
		{1D7AB886-BECA-4A97-89CE-7381D3F5DE00}.DLL Debug|Win32.ActiveCfg = DLL Debug|Win32
		{1D7AB886-BECA-4A97-89CE-7381D3F5DE00}.DLL Debug|Win32.Build.0 = DLL Debug|Win32
		{1D7AB886-BECA-4A97-89CE-7381D3F5DE00}.DLL Release|Any CPU.ActiveCfg = DLL Release|Win32
		{1D7AB886-BECA-4A97-89CE-7381D3F5DE00}.DLL Release|Any CPU.Build.0 = DLL Release|Win32
		{1D7AB886-BECA-4A97-89CE-7381D3F5DE00}.DLL Release|Mixed Platforms.ActiveCfg = DLL Release|Win32
		{1D7AB886-BECA-4A97-89CE-7381D3F5DE00}.DLL Release|Mixed Platforms.Build.0 = DLL Release|Win32
		{1D7AB886-BECA-4A97-89CE-7381D3F5DE00}.DLL Release|Win32.ActiveCfg = DLL Release|Win32
		{1D7AB886-BECA-4A97-89CE-7381D3F5DE00}.DLL Release|Win32.Build.0 = DLL Release|Win32
		{1D7AB886-BECA-4A97-89CE-7381D3F5DE00}.LIB Debug|Any CPU.ActiveCfg = LIB Debug|Win32
		{1D7AB886-BECA-4A97-89CE-7381D3F5DE00}.LIB Debug|Any CPU.Build.0 = LIB Debug|Win32
		{1D7AB886-BECA-4A97-89CE-7381D3F5DE00}.LIB Debug|Mixed Platforms.ActiveCfg = LIB Debug|Win32
		{1D7AB886-BECA-4A97-89CE-7381D3F5DE00}.LIB Debug|Mixed Platforms.Build.0 = LIB Debug|Win32
		{1D7AB886-BECA-4A97-89CE-7381D3F5DE00}.LIB Debug|Win32.ActiveCfg = LIB Debug|Win32
		{1D7AB886-BECA-4A97-89CE-7381D3F5DE00}.LIB Debug|Win32.Build.0 = LIB Debug|Win32
		{1D7AB886-BECA-4A97-89CE-7381D3F5DE00}.LIB Release|Any CPU.ActiveCfg = LIB Release|Win32
		{1D7AB886-BECA-4A97-89CE-7381D3F5DE00}.LIB Release|Any CPU.Build.0 = LIB Release|Win32
		{1D7AB886-BECA-4A97-89CE-7381D3F5DE00}.LIB Release|Mixed Platforms.ActiveCfg = LIB Release|Win32
		{1D7AB886-BECA-4A97-89CE-7381D3F5DE00}.LIB Release|Mixed Platforms.Build.0 = LIB Release|Win32
		{1D7AB886-BECA-4A97-89CE-7381D3F5DE00}.LIB Release|Win32.ActiveCfg = LIB Release|Win32
		{1D7AB886-BECA-4A97-89CE-7381D3F5DE00}.LIB Release|Win32.Build.0 = LIB Release|Win32
		{342CC9F7-F554-46C2-AA65-B1D1E1D0B1F5}.DLL Debug|Any CPU.ActiveCfg = DLL Debug|Win32
		{342CC9F7-F554-46C2-AA65-B1D1E1D0B1F5}.DLL Debug|Mixed Platforms.ActiveCfg = DLL Debug|Win32
		{342CC9F7-F554-46C2-AA65-B1D1E1D0B1F5}.DLL Debug|Mixed Platforms.Build.0 = DLL Debug|Win32
		{342CC9F7-F554-46C2-AA65-B1D1E1D0B1F5}.DLL Debug|Win32.ActiveCfg = DLL Debug|Win32
		{342CC9F7-F554-46C2-AA65-B1D1E1D0B1F5}.DLL Debug|Win32.Build.0 = DLL Debug|Win32
		{342CC9F7-F554-46C2-AA65-B1D1E1D0B1F5}.DLL Release|Any CPU.ActiveCfg = DLL Release|Win32
		{342CC9F7-F554-46C2-AA65-B1D1E1D0B1F5}.DLL Release|Mixed Platforms.ActiveCfg = DLL Release|Win32
		{342CC9F7-F554-46C2-AA65-B1D1E1D0B1F5}.DLL Release|Mixed Platforms.Build.0 = DLL Release|Win32
		{342CC9F7-F554-46C2-AA65-B1D1E1D0B1F5}.DLL Release|Win32.ActiveCfg = DLL Release|Win32
		{342CC9F7-F554-46C2-AA65-B1D1E1D0B1F5}.DLL Release|Win32.Build.0 = DLL Release|Win32
		{342CC9F7-F554-46C2-AA65-B1D1E1D0B1F5}.LIB Debug|Any CPU.ActiveCfg = LIB Debug|Win32
		{342CC9F7-F554-46C2-AA65-B1D1E1D0B1F5}.LIB Debug|Mixed Platforms.ActiveCfg = LIB Debug|Win32
		{342CC9F7-F554-46C2-AA65-B1D1E1D0B1F5}.LIB Debug|Mixed Platforms.Build.0 = LIB Debug|Win32
		{342CC9F7-F554-46C2-AA65-B1D1E1D0B1F5}.LIB Debug|Win32.ActiveCfg = LIB Debug|Win32
		{342CC9F7-F554-46C2-AA65-B1D1E1D0B1F5}.LIB Debug|Win32.Build.0 = LIB Debug|Win32
		{342CC9F7-F554-46C2-AA65-B1D1E1D0B1F5}.LIB Release|Any CPU.ActiveCfg = LIB Release|Win32
		{342CC9F7-F554-46C2-AA65-B1D1E1D0B1F5}.LIB Release|Mixed Platforms.ActiveCfg = LIB Release|Win32
		{342CC9F7-F554-46C2-AA65-B1D1E1D0B1F5}.LIB Release|Mixed Platforms.Build.0 = LIB Release|Win32
		{342CC9F7-F554-46C2-AA65-B1D1E1D0B1F5}.LIB Release|Win32.ActiveCfg = LIB Release|Win32
		{342CC9F7-F554-46C2-AA65-B1D1E1D0B1F5}.LIB Release|Win32.Build.0 = LIB Release|Win32
	EndGlobalSection
	GlobalSection(SolutionProperties) = preSolution
		HideSolutionNode = FALSE
	EndGlobalSection
	GlobalSection(NestedProjects) = preSolution
		{9CBBECA2-E092-4405-B558-30BC2587D9E7} = {B6E87CF6-5D83-4C00-81F7-BA8FAD4893D0}
		{3CB513F1-D94C-4B9A-8CF4-AAE30967E3EB} = {B6E87CF6-5D83-4C00-81F7-BA8FAD4893D0}
		{DC2E0E09-BCB1-419E-A555-1483746B0282} = {B6E87CF6-5D83-4C00-81F7-BA8FAD4893D0}
		{342CC9F7-F554-46C2-AA65-B1D1E1D0B1F5} = {575C3BF3-2E1C-44EA-A1AD-26A62BF092C7}
		{DD38E44E-A5B1-4838-BF15-3BBC0AE5FADD} = {9CBBECA2-E092-4405-B558-30BC2587D9E7}
		{89A55838-7767-42C4-B6F7-975ADD5F82EB} = {9CBBECA2-E092-4405-B558-30BC2587D9E7}
		{66CC49FF-5A4B-4354-8579-4FA563DFE44D} = {9CBBECA2-E092-4405-B558-30BC2587D9E7}
		{894B558E-1E82-4E0D-B53F-6A0B736E090A} = {9CBBECA2-E092-4405-B558-30BC2587D9E7}
		{A22AC28E-745D-4F60-9646-163E931D0552} = {9CBBECA2-E092-4405-B558-30BC2587D9E7}
		{D089EA70-FC9B-4501-A0EC-B93B13A73A22} = {9CBBECA2-E092-4405-B558-30BC2587D9E7}
		{96892120-0438-41DB-AEDD-FEED5791AE83} = {DC2E0E09-BCB1-419E-A555-1483746B0282}
		{414B22A2-21A0-496D-B3C1-4EB89E765CCB} = {DC2E0E09-BCB1-419E-A555-1483746B0282}
		{76A3174B-FA8D-4897-9D57-F72BEEB19BB3} = {DC2E0E09-BCB1-419E-A555-1483746B0282}
		{DF974816-C2D4-4318-AB2A-BB44620534D8} = {DC2E0E09-BCB1-419E-A555-1483746B0282}
		{5B22DB8C-AF71-40A5-81CB-4853A3195FC7} = {DC2E0E09-BCB1-419E-A555-1483746B0282}
		{286B4B83-CA5C-4504-B06E-630BAF6ED3BA} = {DC2E0E09-BCB1-419E-A555-1483746B0282}
		{C27701F0-1BD0-498F-9B67-8585D78C9D4D} = {DC2E0E09-BCB1-419E-A555-1483746B0282}
		{A38257FF-3364-4538-B2F7-FC682FF58C14} = {DC2E0E09-BCB1-419E-A555-1483746B0282}
		{F71486F5-1FE4-42A6-8CF3-66C9CA7731F1} = {DC2E0E09-BCB1-419E-A555-1483746B0282}
		{AAE7334F-642E-477C-A869-E1B1D29DF698} = {DC2E0E09-BCB1-419E-A555-1483746B0282}
		{51138FE0-67D0-4854-AB85-316C4513CC36} = {DC2E0E09-BCB1-419E-A555-1483746B0282}
		{B27DCA7C-8905-4640-8527-A7FAD1A03203} = {DC2E0E09-BCB1-419E-A555-1483746B0282}
		{75919E86-EAEC-42DA-B495-B342B94BC41F} = {DC2E0E09-BCB1-419E-A555-1483746B0282}
		{366F0D90-6B9B-4396-9F6B-DEB465F1E9A4} = {DC2E0E09-BCB1-419E-A555-1483746B0282}
		{E277CECA-719B-4EB0-A92A-E25838F611BD} = {DC2E0E09-BCB1-419E-A555-1483746B0282}
		{1953A37C-0C6C-4F24-933D-BB650428D164} = {DC2E0E09-BCB1-419E-A555-1483746B0282}
		{248F1F81-DEFC-4DD0-856A-DBF785FF2FF3} = {DC2E0E09-BCB1-419E-A555-1483746B0282}
		{25168370-A695-4D79-8D79-DFDA4EF2E4F2} = {DC2E0E09-BCB1-419E-A555-1483746B0282}
		{05ACC778-403D-4758-8762-70BD454CAE7B} = {DC2E0E09-BCB1-419E-A555-1483746B0282}
		{39EC7080-65EC-43D5-BC93-CC2739BAB441} = {DC2E0E09-BCB1-419E-A555-1483746B0282}
		{01AF953B-80B7-4073-87D0-0E9B0B3E8ACB} = {DC2E0E09-BCB1-419E-A555-1483746B0282}
	EndGlobalSection
EndGlobal
