<?xml version="1.0" encoding="utf-8"?>
<Project ToolsVersion="4.0" xmlns="http://schemas.microsoft.com/developer/msbuild/2003">
  <ItemGroup>
    <Filter Include="Header Files">
      <UniqueIdentifier>{93995380-89BD-4b04-88EB-625FBE52EBFB}</UniqueIdentifier>
      <Extensions>h;hpp;hxx;hm;inl;inc;xsd</Extensions>
    </Filter>
    <Filter Include="Resource Files">
      <UniqueIdentifier>{67DA6AB6-F800-4c08-8B7A-83BB121AAD01}</UniqueIdentifier>
      <Extensions>rc;ico;cur;bmp;dlg;rc2;rct;bin;rgs;gif;jpg;jpeg;jpe;resx;tiff;tif;png;wav;mfcribbon-ms</Extensions>
    </Filter>
    <Filter Include="Source Files">
      <UniqueIdentifier>{36ef9647-e90e-4e1a-8494-bdc0dfea8a05}</UniqueIdentifier>
    </Filter>
  </ItemGroup>
  <ItemGroup>
    <ClInclude Include="..\ocr-utils\queue.h">
      <Filter>Header Files</Filter>
    </ClInclude>
    <ClInclude Include="..\ocr-voronoi\drawing\read_image.h">
      <Filter>Header Files</Filter>
    </ClInclude>
    <ClInclude Include="..\ocr-voronoi\read_image.h">
      <Filter>Header Files</Filter>
    </ClInclude>
    <ClInclude Include="..\ocr-utils\resource-path.h">
      <Filter>Header Files</Filter>
    </ClInclude>
    <ClInclude Include="..\ocr-lineseg\seg-eval.h">
      <Filter>Header Files</Filter>
    </ClInclude>
    <ClInclude Include="..\ocr-utils\segmentation.h">
      <Filter>Header Files</Filter>
    </ClInclude>
    <ClInclude Include="..\ocr-utils\stringutil.h">
      <Filter>Header Files</Filter>
    </ClInclude>
    <ClInclude Include="..\ocr-utils\sysutil.h">
      <Filter>Header Files</Filter>
    </ClInclude>
    <ClInclude Include="..\include\tesseract.h">
      <Filter>Header Files</Filter>
    </ClInclude>
    <ClInclude Include="..\ocr-voronoi\voronoi-ocropus.h">
      <Filter>Header Files</Filter>
    </ClInclude>
    <ClInclude Include="..\ocr-utils\xml-entities.h">
      <Filter>Header Files</Filter>
    </ClInclude>
    <ClInclude Include="..\ocr-utils\arraypaint.h">
      <Filter>Header Files</Filter>
    </ClInclude>
    <ClInclude Include="..\ocr-pfst\a-star.h">
      <Filter>Header Files</Filter>
    </ClInclude>
    <ClInclude Include="..\ocr-voronoi\drawing\color.h">
      <Filter>Header Files</Filter>
    </ClInclude>
    <ClInclude Include="..\ocr-utils\components.h">
      <Filter>Header Files</Filter>
    </ClInclude>
    <ClInclude Include="..\ocr-voronoi\const.h">
      <Filter>Header Files</Filter>
    </ClInclude>
    <ClInclude Include="..\ocr-voronoi\defs.h">
      <Filter>Header Files</Filter>
    </ClInclude>
    <ClInclude Include="..\ocr-utils\didegrade.h">
      <Filter>Header Files</Filter>
    </ClInclude>
    <ClInclude Include="..\ocr-utils\docproc.h">
      <Filter>Header Files</Filter>
    </ClInclude>
    <ClInclude Include="..\ocr-utils\editdist.h">
      <Filter>Header Files</Filter>
    </ClInclude>
    <ClInclude Include="..\ocr-utils\enumerator.h">
      <Filter>Header Files</Filter>
    </ClInclude>
    <ClInclude Include="..\ocr-voronoi\extern.h">
      <Filter>Header Files</Filter>
    </ClInclude>
    <ClInclude Include="..\ocr-pfst\fst-heap.h">
      <Filter>Header Files</Filter>
    </ClInclude>
    <ClInclude Include="..\ocr-pfst\fst-io.h">
      <Filter>Header Files</Filter>
    </ClInclude>
    <ClInclude Include="..\ocr-voronoi\drawing\function.h">
      <Filter>Header Files</Filter>
    </ClInclude>
    <ClInclude Include="..\ocr-voronoi\function.h">
      <Filter>Header Files</Filter>
    </ClInclude>
    <ClInclude Include="..\include\glclass.h">
      <Filter>Header Files</Filter>
    </ClInclude>
    <ClInclude Include="..\include\glcuts.h">
      <Filter>Header Files</Filter>
    </ClInclude>
    <ClInclude Include="..\include\gldataset.h">
      <Filter>Header Files</Filter>
    </ClInclude>
    <ClInclude Include="..\include\glfmaps.h">
      <Filter>Header Files</Filter>
    </ClInclude>
    <ClInclude Include="..\include\glinerec.h">
      <Filter>Header Files</Filter>
    </ClInclude>
    <ClInclude Include="..\include\glutils.h">
      <Filter>Header Files</Filter>
    </ClInclude>
    <ClInclude Include="..\ocr-utils\grid.h">
      <Filter>Header Files</Filter>
    </ClInclude>
    <ClInclude Include="..\include\grouper.h">
      <Filter>Header Files</Filter>
    </ClInclude>
    <ClInclude Include="..\include\gsl.h">
      <Filter>Header Files</Filter>
    </ClInclude>
    <ClInclude Include="..\ocr-utils\init-ocropus.h">
      <Filter>Header Files</Filter>
    </ClInclude>
    <ClInclude Include="..\ocr-pfst\lattice.h">
      <Filter>Header Files</Filter>
    </ClInclude>
    <ClInclude Include="..\include\line-info.h">
      <Filter>Header Files</Filter>
    </ClInclude>
    <ClInclude Include="..\ocr-utils\linesegs.h">
      <Filter>Header Files</Filter>
    </ClInclude>
    <ClInclude Include="..\ocr-utils\logger.h">
      <Filter>Header Files</Filter>
    </ClInclude>
    <ClInclude Include="..\ocr-layout\log-reg-data.h">
      <Filter>Header Files</Filter>
    </ClInclude>
    <ClInclude Include="..\ocr-utils\narray-binio.h">
      <Filter>Header Files</Filter>
    </ClInclude>
    <ClInclude Include="..\ocr-utils\narray-io.h">
      <Filter>Header Files</Filter>
    </ClInclude>
    <ClInclude Include="..\ocr-layout\ocr-char-stats.h">
      <Filter>Header Files</Filter>
    </ClInclude>
    <ClInclude Include="..\ocr-layout\ocr-classify-zones.h">
      <Filter>Header Files</Filter>
    </ClInclude>
    <ClInclude Include="..\ocr-layout\ocr-color-encode-layout.h">
      <Filter>Header Files</Filter>
    </ClInclude>
    <ClInclude Include="..\ocr-layout\ocr-ctextline-rast.h">
      <Filter>Header Files</Filter>
    </ClInclude>
    <ClInclude Include="..\ocr-layout\ocr-ctextline-rast-extended.h">
      <Filter>Header Files</Filter>
    </ClInclude>
    <ClInclude Include="..\ocr-layout\ocr-deskew-rast.h">
      <Filter>Header Files</Filter>
    </ClInclude>
    <ClInclude Include="..\ocr-layout\ocr-detect-columns.h">
      <Filter>Header Files</Filter>
    </ClInclude>
    <ClInclude Include="..\ocr-layout\ocr-detect-paragraphs.h">
      <Filter>Header Files</Filter>
    </ClInclude>
    <ClInclude Include="..\ocr-layout\ocr-doc-clean.h">
      <Filter>Header Files</Filter>
    </ClInclude>
    <ClInclude Include="..\ocr-layout\ocr-doc-clean-concomp.h">
      <Filter>Header Files</Filter>
    </ClInclude>
    <ClInclude Include="..\ocr-layout\ocr-extract-gutters.h">
      <Filter>Header Files</Filter>
    </ClInclude>
    <ClInclude Include="..\ocr-layout\ocr-extract-rulings.h">
      <Filter>Header Files</Filter>
    </ClInclude>
    <ClInclude Include="..\ocr-utils\ocrinterfaces.h">
      <Filter>Header Files</Filter>
    </ClInclude>
    <ClInclude Include="..\include\ocr-layout.h">
      <Filter>Header Files</Filter>
    </ClInclude>
    <ClInclude Include="..\ocr-layout\ocr-layout-internal.h">
      <Filter>Header Files</Filter>
    </ClInclude>
    <ClInclude Include="..\ocr-layout\ocr-layout-rast.h">
      <Filter>Header Files</Filter>
    </ClInclude>
    <ClInclude Include="..\ocr-layout\ocr-layout-structs.h">
      <Filter>Header Files</Filter>
    </ClInclude>
    <ClInclude Include="..\ocr-layout\ocr-noisefilter.h">
      <Filter>Header Files</Filter>
    </ClInclude>
    <ClInclude Include="..\include\ocr-openfst.h">
      <Filter>Header Files</Filter>
    </ClInclude>
    <ClInclude Include="..\include\ocropus.h">
      <Filter>Header Files</Filter>
    </ClInclude>
    <ClInclude Include="..\ocr-layout\ocr-pageframe-rast.h">
      <Filter>Header Files</Filter>
    </ClInclude>
    <ClInclude Include="..\ocr-layout\ocr-pageseg-wcuts.h">
      <Filter>Header Files</Filter>
    </ClInclude>
    <ClInclude Include="..\ocr-layout\ocr-pageseg-xycut.h">
      <Filter>Header Files</Filter>
    </ClInclude>
    <ClInclude Include="..\include\ocr-pfst.h">
      <Filter>Header Files</Filter>
    </ClInclude>
    <ClInclude Include="..\ocr-layout\ocr-reading-order.h">
      <Filter>Header Files</Filter>
    </ClInclude>
    <ClInclude Include="..\ocr-layout\ocr-segmentations.h">
      <Filter>Header Files</Filter>
    </ClInclude>
    <ClInclude Include="..\ocr-tesseract\ocr-tesseract.h">
      <Filter>Header Files</Filter>
    </ClInclude>
    <ClInclude Include="..\ocr-layout\ocr-text-image-seg.h">
      <Filter>Header Files</Filter>
    </ClInclude>
    <ClInclude Include="..\ocr-leptonica\ocr-text-image-seg-leptonica.h">
      <Filter>Header Files</Filter>
    </ClInclude>
    <ClInclude Include="..\ocr-utils\ocr-utils.h">
      <Filter>Header Files</Filter>
    </ClInclude>
    <ClInclude Include="..\ocr-layout\ocr-visualize-layout-rast.h">
      <Filter>Header Files</Filter>
    </ClInclude>
    <ClInclude Include="..\ocr-layout\ocr-whitespace-cover.h">
      <Filter>Header Files</Filter>
    </ClInclude>
    <ClInclude Include="..\ocr-layout\ocr-word-segmentation.h">
      <Filter>Header Files</Filter>
    </ClInclude>
    <ClInclude Include="..\ocr-utils\pages.h">
      <Filter>Header Files</Filter>
    </ClInclude>
    <ClInclude Include="..\ocr-utils\pagesegs.h">
      <Filter>Header Files</Filter>
    </ClInclude>
  </ItemGroup>
  <ItemGroup>
    <ClCompile Include="..\ocr-utils\tests\test-narray-io.cc">
      <Filter>Resource Files</Filter>
    </ClCompile>
    <ClCompile Include="..\ocr-utils\tests\test-ocr-utils.cc">
      <Filter>Resource Files</Filter>
    </ClCompile>
    <ClCompile Include="..\ocr-utils\tests\test-seg-cuts.cc">
      <Filter>Resource Files</Filter>
    </ClCompile>
    <ClCompile Include="..\ocr-voronoi\usage.cc">
      <Filter>Resource Files</Filter>
    </ClCompile>
    <ClCompile Include="..\ocr-voronoi\drawing\util.c">
      <Filter>Resource Files</Filter>
    </ClCompile>
    <ClCompile Include="..\ocr-voronoi\voronoi.cc">
      <Filter>Resource Files</Filter>
    </ClCompile>
    <ClCompile Include="..\ocr-voronoi\voronoi-ocropus.cc">
      <Filter>Resource Files</Filter>
    </ClCompile>
    <ClCompile Include="..\ocr-voronoi\voronoi-pageseg.cc">
      <Filter>Resource Files</Filter>
    </ClCompile>
    <ClCompile Include="..\ocr-voronoi\drawing\write_image.c">
      <Filter>Resource Files</Filter>
    </ClCompile>
    <ClCompile Include="..\ocr-utils\xml-entities.cc">
      <Filter>Resource Files</Filter>
    </ClCompile>
    <ClCompile Include="..\ocr-pfst\a-star.cc">
      <Filter>Resource Files</Filter>
    </ClCompile>
    <ClCompile Include="..\ocr-pfst\beam-search.cc">
      <Filter>Resource Files</Filter>
    </ClCompile>
    <ClCompile Include="..\ocr-voronoi\bit_func.cc">
      <Filter>Resource Files</Filter>
    </ClCompile>
    <ClCompile Include="..\ocr-voronoi\cline.cc">
      <Filter>Resource Files</Filter>
    </ClCompile>
    <ClCompile Include="..\ocr-utils\components.cc">
      <Filter>Resource Files</Filter>
    </ClCompile>
    <ClCompile Include="..\ocr-utils\didegrade.cc">
      <Filter>Resource Files</Filter>
    </ClCompile>
    <ClCompile Include="..\ocr-voronoi\dinfo.cc">
      <Filter>Resource Files</Filter>
    </ClCompile>
    <ClCompile Include="..\ocr-voronoi\drawing\draw_line.c">
      <Filter>Resource Files</Filter>
    </ClCompile>
    <ClCompile Include="..\ocr-voronoi\draw_line.cc">
      <Filter>Resource Files</Filter>
    </ClCompile>
    <ClCompile Include="..\ocr-voronoi\drawing\draw_point.c">
      <Filter>Resource Files</Filter>
    </ClCompile>
    <ClCompile Include="..\ocr-voronoi\drawing\draw_rect.c">
      <Filter>Resource Files</Filter>
    </ClCompile>
    <ClCompile Include="..\ocr-voronoi\edgelist.cc">
      <Filter>Resource Files</Filter>
    </ClCompile>
    <ClCompile Include="..\ocr-utils\editdist.cc">
      <Filter>Resource Files</Filter>
    </ClCompile>
    <ClCompile Include="..\ocr-voronoi\erase.cc">
      <Filter>Resource Files</Filter>
    </ClCompile>
    <ClCompile Include="..\ocr-voronoi\geometry.cc">
      <Filter>Resource Files</Filter>
    </ClCompile>
    <ClCompile Include="..\ocr-line\glclass.cc">
      <Filter>Resource Files</Filter>
    </ClCompile>
    <ClCompile Include="..\ocr-line\glcuts.cc">
      <Filter>Resource Files</Filter>
    </ClCompile>
    <ClCompile Include="..\ocr-line\glfmaps.cc">
      <Filter>Resource Files</Filter>
    </ClCompile>
    <ClCompile Include="..\ocr-line\glutils.cc">
      <Filter>Resource Files</Filter>
    </ClCompile>
    <ClCompile Include="..\ocr-utils\grouper.cc">
      <Filter>Resource Files</Filter>
    </ClCompile>
    <ClCompile Include="..\ocr-voronoi\hash.cc">
      <Filter>Resource Files</Filter>
    </ClCompile>
    <ClCompile Include="..\ocr-voronoi\heap.cc">
      <Filter>Resource Files</Filter>
    </ClCompile>
    <ClCompile Include="..\ocr-voronoi\img_to_site.cc">
      <Filter>Resource Files</Filter>
    </ClCompile>
    <ClCompile Include="..\ocr-utils\init-ocropus.cc">
      <Filter>Resource Files</Filter>
    </ClCompile>
    <ClCompile Include="..\ocr-voronoi\label_func.cc">
      <Filter>Resource Files</Filter>
    </ClCompile>
    <ClCompile Include="..\ocr-pfst\lattice.cc">
      <Filter>Resource Files</Filter>
    </ClCompile>
    <ClCompile Include="..\ocr-layout\line-info.cc">
      <Filter>Resource Files</Filter>
    </ClCompile>
    <ClCompile Include="..\ocr-line\linerec.cc">
      <Filter>Resource Files</Filter>
    </ClCompile>
    <ClCompile Include="..\ocr-utils\linesegs.cc">
      <Filter>Resource Files</Filter>
    </ClCompile>
    <ClCompile Include="..\ocr-utils\logger.cc">
      <Filter>Resource Files</Filter>
    </ClCompile>
    <ClCompile Include="..\ocr-layout\log-reg-data.cc">
      <Filter>Resource Files</Filter>
    </ClCompile>
    <ClCompile Include="..\ocr-voronoi\drawing\main.c">
      <Filter>Resource Files</Filter>
    </ClCompile>
    <ClCompile Include="..\ocr-voronoi\main-be.cc">
      <Filter>Resource Files</Filter>
    </ClCompile>
    <ClCompile Include="..\ocr-binarize\main-ocr-binarize-otsu.cc">
      <Filter>Resource Files</Filter>
    </ClCompile>
    <ClCompile Include="..\ocr-binarize\main-ocr-binarize-sauvola.cc">
      <Filter>Resource Files</Filter>
    </ClCompile>
    <ClCompile Include="..\ocr-voronoi\main-voronoi-ocropus.cc">
      <Filter>Resource Files</Filter>
    </ClCompile>
    <ClCompile Include="..\ocr-voronoi\drawing\make_map.c">
      <Filter>Resource Files</Filter>
    </ClCompile>
    <ClCompile Include="..\ocr-voronoi\memory.cc">
      <Filter>Resource Files</Filter>
    </ClCompile>
    <ClCompile Include="..\ocr-utils\narray-io.cc">
      <Filter>Resource Files</Filter>
    </ClCompile>
    <ClCompile Include="..\ocr-binarize\ocr-binarize-otsu.cc">
      <Filter>Resource Files</Filter>
    </ClCompile>
    <ClCompile Include="..\ocr-binarize\ocr-binarize-range.cc">
      <Filter>Resource Files</Filter>
    </ClCompile>
    <ClCompile Include="..\ocr-binarize\ocr-binarize-sauvola.cc">
      <Filter>Resource Files</Filter>
    </ClCompile>
    <ClCompile Include="..\ocr-layout\ocr-char-stats.cc">
      <Filter>Resource Files</Filter>
    </ClCompile>
    <ClCompile Include="..\ocr-layout\ocr-classify-zones.cc">
      <Filter>Resource Files</Filter>
    </ClCompile>
    <ClCompile Include="..\ocr-layout\ocr-color-encode-layout.cc">
      <Filter>Resource Files</Filter>
    </ClCompile>
    <ClCompile Include="..\ocr-commands\ocr-commands.cc">
      <Filter>Resource Files</Filter>
    </ClCompile>
    <ClCompile Include="..\ocr-lineseg\ocr-cseg-ccs.cc">
      <Filter>Resource Files</Filter>
    </ClCompile>
    <ClCompile Include="..\ocr-lineseg\ocr-cseg-projection.cc">
      <Filter>Resource Files</Filter>
    </ClCompile>
    <ClCompile Include="..\ocr-layout\ocr-ctextline-rast.cc">
      <Filter>Resource Files</Filter>
    </ClCompile>
    <ClCompile Include="..\ocr-layout\ocr-ctextline-rast-extended.cc">
      <Filter>Resource Files</Filter>
    </ClCompile>
    <ClCompile Include="..\ocr-layout\ocr-deskew-rast.cc">
      <Filter>Resource Files</Filter>
    </ClCompile>
    <ClCompile Include="..\ocr-layout\ocr-detect-columns.cc">
      <Filter>Resource Files</Filter>
    </ClCompile>
    <ClCompile Include="..\ocr-layout\ocr-detect-paragraphs.cc">
      <Filter>Resource Files</Filter>
    </ClCompile>
    <ClCompile Include="..\commands\ocr-distance.cc">
      <Filter>Resource Files</Filter>
    </ClCompile>
    <ClCompile Include="..\ocr-layout\ocr-doc-clean.cc">
      <Filter>Resource Files</Filter>
    </ClCompile>
    <ClCompile Include="..\ocr-layout\ocr-doc-clean-concomp.cc">
      <Filter>Resource Files</Filter>
    </ClCompile>
    <ClCompile Include="..\commands\OLD\ocr-erase-nonchar-components.cc">
      <Filter>Resource Files</Filter>
    </ClCompile>
    <ClCompile Include="..\ocr-layout\ocr-extract-gutters.cc">
      <Filter>Resource Files</Filter>
    </ClCompile>
    <ClCompile Include="..\commands\OLD\ocr-extract-lines.cc">
      <Filter>Resource Files</Filter>
    </ClCompile>
    <ClCompile Include="..\ocr-layout\ocr-extract-rulings.cc">
      <Filter>Resource Files</Filter>
    </ClCompile>
    <ClCompile Include="..\commands\OLD\ocr-labels-to-grid.cc">
      <Filter>Resource Files</Filter>
    </ClCompile>
    <ClCompile Include="..\ocr-layout\ocr-layout-1cp.cc">
      <Filter>Resource Files</Filter>
    </ClCompile>
    <ClCompile Include="..\ocr-layout\ocr-layout-rast.cc">
      <Filter>Resource Files</Filter>
    </ClCompile>
    <ClCompile Include="..\ocr-layout\ocr-layout-smear.cc">
      <Filter>Resource Files</Filter>
    </ClCompile>
    <ClCompile Include="..\commands\OLD\ocr-ldetect-nnbr.cc">
      <Filter>Resource Files</Filter>
    </ClCompile>
    <ClCompile Include="..\commands\OLD\ocr-make-garbage.cc">
      <Filter>Resource Files</Filter>
    </ClCompile>
    <ClCompile Include="..\ocr-layout\ocr-noisefilter.cc">
      <Filter>Resource Files</Filter>
    </ClCompile>
    <ClCompile Include="..\ocr-pfst\ocrofst-heap.cc">
      <Filter>Resource Files</Filter>
    </ClCompile>
    <ClCompile Include="..\ocr-pfst\ocrofst-impl.cc">
      <Filter>Resource Files</Filter>
    </ClCompile>
    <ClCompile Include="..\ocr-pfst\ocrofst-io.cc">
      <Filter>Resource Files</Filter>
    </ClCompile>
    <ClCompile Include="..\ocr-pfst\ocrofst-util.cc">
      <Filter>Resource Files</Filter>
    </ClCompile>
    <ClCompile Include="..\commands\ocropus.cc">
      <Filter>Resource Files</Filter>
    </ClCompile>
    <ClCompile Include="..\commands\OLD\ocropus-group.cc">
      <Filter>Resource Files</Filter>
    </ClCompile>
    <ClCompile Include="..\ocr-layout\ocr-pageframe-rast.cc">
      <Filter>Resource Files</Filter>
    </ClCompile>
    <ClCompile Include="..\ocr-layout\ocr-pageseg-wcuts.cc">
      <Filter>Resource Files</Filter>
    </ClCompile>
    <ClCompile Include="..\ocr-layout\ocr-pageseg-xycut.cc">
      <Filter>Resource Files</Filter>
    </ClCompile>
    <ClCompile Include="..\ocr-layout\ocr-reading-order.cc">
      <Filter>Resource Files</Filter>
    </ClCompile>
    <ClCompile Include="..\commands\OLD\ocr-rough.cc">
      <Filter>Resource Files</Filter>
    </ClCompile>
    <ClCompile Include="..\ocr-layout\ocr-segmentations.cc">
      <Filter>Resource Files</Filter>
    </ClCompile>
    <ClCompile Include="..\ocr-layout\ocr-text-image-seg.cc">
      <Filter>Resource Files</Filter>
    </ClCompile>
    <ClCompile Include="..\ocr-leptonica\ocr-text-image-seg-leptonica.cc">
      <Filter>Resource Files</Filter>
    </ClCompile>
    <ClCompile Include="..\ocr-utils\ocr-utils.cc">
      <Filter>Resource Files</Filter>
    </ClCompile>
    <ClCompile Include="..\ocr-layout\ocr-visualize-layout-rast.cc">
      <Filter>Resource Files</Filter>
    </ClCompile>
    <ClCompile Include="..\ocr-layout\ocr-whitespace-cover.cc">
      <Filter>Resource Files</Filter>
    </ClCompile>
    <ClCompile Include="..\ocr-layout\ocr-word-segmentation.cc">
      <Filter>Resource Files</Filter>
    </ClCompile>
    <ClCompile Include="..\ocr-voronoi\output.cc">
      <Filter>Resource Files</Filter>
    </ClCompile>
    <ClCompile Include="..\ocr-utils\pagesegs.cc">
      <Filter>Resource Files</Filter>
    </ClCompile>
    <ClCompile Include="..\ocr-voronoi\drawing\read_image.c">
      <Filter>Resource Files</Filter>
    </ClCompile>
    <ClCompile Include="..\ocr-voronoi\read_image.cc">
      <Filter>Resource Files</Filter>
    </ClCompile>
    <ClCompile Include="..\ocr-utils\resource-path.cc">
      <Filter>Resource Files</Filter>
    </ClCompile>
    <ClCompile Include="..\ocr-lineseg\seg-ccs.cc">
      <Filter>Resource Files</Filter>
    </ClCompile>
    <ClCompile Include="..\ocr-lineseg\seg-cuts.cc">
      <Filter>Resource Files</Filter>
    </ClCompile>
    <ClCompile Include="..\commands\OLD\seg-cuts-main.cc">
      <Filter>Resource Files</Filter>
    </ClCompile>
    <ClCompile Include="..\ocr-lineseg\seg-eval.cc">
      <Filter>Resource Files</Filter>
    </ClCompile>
    <ClCompile Include="..\commands\OLD\seg-recolor.cc">
      <Filter>Resource Files</Filter>
    </ClCompile>
    <ClCompile Include="..\ocr-lineseg\seg-skel.cc">
      <Filter>Resource Files</Filter>
    </ClCompile>
    <ClCompile Include="..\ocr-voronoi\sites.cc">
      <Filter>Resource Files</Filter>
    </ClCompile>
    <ClCompile Include="..\ocr-utils\sysutil.cc">
      <Filter>Resource Files</Filter>
    </ClCompile>
    <ClCompile Include="..\ocr-tesseract\tesseract.cc">
      <Filter>Resource Files</Filter>
    </ClCompile>
    <ClCompile Include="..\ocr-utils\tests\test-binarize-sauvola.cc">
      <Filter>Resource Files</Filter>
    </ClCompile>
  </ItemGroup>
</Project>